
Microsoft Visual Studio Solution File, Format Version 12.00
Project("{FAE04EC0-301F-11D3-BF4B-00C04F79EFBC}") = "ExampleApiMetric", "ExampleApiMetric\ExampleApiMetric.csproj", "{C290DDF7-BC16-4605-B619-A34E6B15F170}"
EndProject
Global
	GlobalSection(SolutionConfigurationPlatforms) = preSolution
		Debug|Any CPU = Debug|Any CPU
		Release|Any CPU = Release|Any CPU
	EndGlobalSection
	GlobalSection(ProjectConfigurationPlatforms) = postSolution
		{C290DDF7-BC16-4605-B619-A34E6B15F170}.Debug|Any CPU.ActiveCfg = Debug|Any CPU
		{C290DDF7-BC16-4605-B619-A34E6B15F170}.Debug|Any CPU.Build.0 = Debug|Any CPU
		{C290DDF7-BC16-4605-B619-A34E6B15F170}.Release|Any CPU.ActiveCfg = Release|Any CPU
		{C290DDF7-BC16-4605-B619-A34E6B15F170}.Release|Any CPU.Build.0 = Release|Any CPU
	EndGlobalSection
EndGlobal
